
Microsoft Visual Studio Solution File, Format Version 12.00
# Visual Studio Version 16
VisualStudioVersion = 16.0.30204.135
MinimumVisualStudioVersion = 10.0.40219.1
Project("{FAE04EC0-301F-11D3-BF4B-00C04F79EFBC}") = "TCSynchronize", "TCSynchronize.csproj", "{86980C61-4585-42AD-8ECF-0D06A1F2A445}"
EndProject
Global
	GlobalSection(SolutionConfigurationPlatforms) = preSolution
		Debug|Any CPU = Debug|Any CPU
		Release|Any CPU = Release|Any CPU
	EndGlobalSection
	GlobalSection(ProjectConfigurationPlatforms) = postSolution
		{86980C61-4585-42AD-8ECF-0D06A1F2A445}.Debug|Any CPU.ActiveCfg = Debug|Any CPU
		{86980C61-4585-42AD-8ECF-0D06A1F2A445}.Debug|Any CPU.Build.0 = Debug|Any CPU
		{86980C61-4585-42AD-8ECF-0D06A1F2A445}.Release|Any CPU.ActiveCfg = Release|Any CPU
		{86980C61-4585-42AD-8ECF-0D06A1F2A445}.Release|Any CPU.Build.0 = Release|Any CPU
	EndGlobalSection
	GlobalSection(SolutionProperties) = preSolution
		HideSolutionNode = FALSE
	EndGlobalSection
	GlobalSection(ExtensibilityGlobals) = postSolution
		SolutionGuid = {2EE5F91A-3539-4BEC-BEC7-201CA7D5F7A3}
	EndGlobalSection
EndGlobal
